
Microsoft Visual Studio Solution File, Format Version 12.00
# Visual Studio Version 17
VisualStudioVersion = 17.9.34701.34
MinimumVisualStudioVersion = 10.0.40219.1
Project("{FAE04EC0-301F-11D3-BF4B-00C04F79EFBC}") = "EmployeesPortal", "EmployeesPortal\EmployeesPortal.csproj", "{DD0EF7AC-8075-4571-B819-755AA0351E5D}"
EndProject
Global
	GlobalSection(SolutionConfigurationPlatforms) = preSolution
		Debug|Any CPU = Debug|Any CPU
		Release|Any CPU = Release|Any CPU
	EndGlobalSection
	GlobalSection(ProjectConfigurationPlatforms) = postSolution
		{DD0EF7AC-8075-4571-B819-755AA0351E5D}.Debug|Any CPU.ActiveCfg = Debug|Any CPU
		{DD0EF7AC-8075-4571-B819-755AA0351E5D}.Debug|Any CPU.Build.0 = Debug|Any CPU
		{DD0EF7AC-8075-4571-B819-755AA0351E5D}.Release|Any CPU.ActiveCfg = Release|Any CPU
		{DD0EF7AC-8075-4571-B819-755AA0351E5D}.Release|Any CPU.Build.0 = Release|Any CPU
	EndGlobalSection
	GlobalSection(SolutionProperties) = preSolution
		HideSolutionNode = FALSE
	EndGlobalSection
	GlobalSection(ExtensibilityGlobals) = postSolution
		SolutionGuid = {11B97E1A-2BB8-4199-93D2-E1BB76FD667E}
	EndGlobalSection
EndGlobal
